
Microsoft Visual Studio Solution File, Format Version 12.00
# Visual Studio Version 16
VisualStudioVersion = 16.0.30804.86
MinimumVisualStudioVersion = 10.0.40219.1
Project("{FAE04EC0-301F-11D3-BF4B-00C04F79EFBC}") = "HkEcommerce", "HkEcommerce\HkEcommerce.csproj", "{7E7ED7DC-E72C-486A-9ED0-B89A7A42356A}"
EndProject
Project("{FAE04EC0-301F-11D3-BF4B-00C04F79EFBC}") = "HkEcommerce.Utility", "HkEcommerce.Utility\HkEcommerce.Utility.csproj", "{D1B203C8-C004-4FB5-88AC-C5EF9B53E6FD}"
EndProject
Project("{FAE04EC0-301F-11D3-BF4B-00C04F79EFBC}") = "HkEcommerce.DataAccess", "HkEcommerce.DataAccess\HkEcommerce.DataAccess.csproj", "{990DF26E-5F12-4B7A-AE6C-9729762D5669}"
EndProject
Project("{FAE04EC0-301F-11D3-BF4B-00C04F79EFBC}") = "HkEcommerce.Model", "HkEcommerce.Model\HkEcommerce.Model.csproj", "{FDC1893B-20F5-40B7-8713-504050201642}"
EndProject
Global
	GlobalSection(SolutionConfigurationPlatforms) = preSolution
		Debug|Any CPU = Debug|Any CPU
		Release|Any CPU = Release|Any CPU
	EndGlobalSection
	GlobalSection(ProjectConfigurationPlatforms) = postSolution
		{7E7ED7DC-E72C-486A-9ED0-B89A7A42356A}.Debug|Any CPU.ActiveCfg = Debug|Any CPU
		{7E7ED7DC-E72C-486A-9ED0-B89A7A42356A}.Debug|Any CPU.Build.0 = Debug|Any CPU
		{7E7ED7DC-E72C-486A-9ED0-B89A7A42356A}.Release|Any CPU.ActiveCfg = Release|Any CPU
		{7E7ED7DC-E72C-486A-9ED0-B89A7A42356A}.Release|Any CPU.Build.0 = Release|Any CPU
		{D1B203C8-C004-4FB5-88AC-C5EF9B53E6FD}.Debug|Any CPU.ActiveCfg = Debug|Any CPU
		{D1B203C8-C004-4FB5-88AC-C5EF9B53E6FD}.Debug|Any CPU.Build.0 = Debug|Any CPU
		{D1B203C8-C004-4FB5-88AC-C5EF9B53E6FD}.Release|Any CPU.ActiveCfg = Release|Any CPU
		{D1B203C8-C004-4FB5-88AC-C5EF9B53E6FD}.Release|Any CPU.Build.0 = Release|Any CPU
		{990DF26E-5F12-4B7A-AE6C-9729762D5669}.Debug|Any CPU.ActiveCfg = Debug|Any CPU
		{990DF26E-5F12-4B7A-AE6C-9729762D5669}.Debug|Any CPU.Build.0 = Debug|Any CPU
		{990DF26E-5F12-4B7A-AE6C-9729762D5669}.Release|Any CPU.ActiveCfg = Release|Any CPU
		{990DF26E-5F12-4B7A-AE6C-9729762D5669}.Release|Any CPU.Build.0 = Release|Any CPU
		{FDC1893B-20F5-40B7-8713-504050201642}.Debug|Any CPU.ActiveCfg = Debug|Any CPU
		{FDC1893B-20F5-40B7-8713-504050201642}.Debug|Any CPU.Build.0 = Debug|Any CPU
		{FDC1893B-20F5-40B7-8713-504050201642}.Release|Any CPU.ActiveCfg = Release|Any CPU
		{FDC1893B-20F5-40B7-8713-504050201642}.Release|Any CPU.Build.0 = Release|Any CPU
	EndGlobalSection
	GlobalSection(SolutionProperties) = preSolution
		HideSolutionNode = FALSE
	EndGlobalSection
	GlobalSection(ExtensibilityGlobals) = postSolution
		SolutionGuid = {26ACA594-F4D0-4CDF-9173-D01F1758B073}
	EndGlobalSection
EndGlobal
